
Microsoft Visual Studio Solution File, Format Version 12.00
# Visual Studio Version 17
VisualStudioVersion = 17.4.33213.308
MinimumVisualStudioVersion = 10.0.40219.1
Project("{FAE04EC0-301F-11D3-BF4B-00C04F79EFBC}") = "Flights", "Flights\Flights.csproj", "{5FA0BB89-121F-42A0-AD95-1BD83026342C}"
EndProject
Global
	GlobalSection(SolutionConfigurationPlatforms) = preSolution
		Debug|Any CPU = Debug|Any CPU
		Release|Any CPU = Release|Any CPU
	EndGlobalSection
	GlobalSection(ProjectConfigurationPlatforms) = postSolution
		{5FA0BB89-121F-42A0-AD95-1BD83026342C}.Debug|Any CPU.ActiveCfg = Debug|Any CPU
		{5FA0BB89-121F-42A0-AD95-1BD83026342C}.Debug|Any CPU.Build.0 = Debug|Any CPU
		{5FA0BB89-121F-42A0-AD95-1BD83026342C}.Release|Any CPU.ActiveCfg = Release|Any CPU
		{5FA0BB89-121F-42A0-AD95-1BD83026342C}.Release|Any CPU.Build.0 = Release|Any CPU
	EndGlobalSection
	GlobalSection(SolutionProperties) = preSolution
		HideSolutionNode = FALSE
	EndGlobalSection
	GlobalSection(ExtensibilityGlobals) = postSolution
		SolutionGuid = {42FAB470-8C21-49CA-A9C7-7F2DE3A9D6C3}
	EndGlobalSection
EndGlobal
